
Microsoft Visual Studio Solution File, Format Version 12.00
# Visual Studio Version 17
VisualStudioVersion = 17.3.32929.385
MinimumVisualStudioVersion = 10.0.40219.1
Project("{FAE04EC0-301F-11D3-BF4B-00C04F79EFBC}") = "POM3", "POM3\POM3.csproj", "{5F3716B4-D3D1-466E-9F91-FB556E5B0BDA}"
EndProject
Global
	GlobalSection(SolutionConfigurationPlatforms) = preSolution
		Debug|Any CPU = Debug|Any CPU
		Release|Any CPU = Release|Any CPU
	EndGlobalSection
	GlobalSection(ProjectConfigurationPlatforms) = postSolution
		{5F3716B4-D3D1-466E-9F91-FB556E5B0BDA}.Debug|Any CPU.ActiveCfg = Debug|Any CPU
		{5F3716B4-D3D1-466E-9F91-FB556E5B0BDA}.Debug|Any CPU.Build.0 = Debug|Any CPU
		{5F3716B4-D3D1-466E-9F91-FB556E5B0BDA}.Release|Any CPU.ActiveCfg = Release|Any CPU
		{5F3716B4-D3D1-466E-9F91-FB556E5B0BDA}.Release|Any CPU.Build.0 = Release|Any CPU
	EndGlobalSection
	GlobalSection(SolutionProperties) = preSolution
		HideSolutionNode = FALSE
	EndGlobalSection
	GlobalSection(ExtensibilityGlobals) = postSolution
		SolutionGuid = {70F50C59-E688-47E9-8F5C-24F158EABBAE}
	EndGlobalSection
EndGlobal
